
Microsoft Visual Studio Solution File, Format Version 12.00
# Visual Studio Version 16
VisualStudioVersion = 16.0.29613.14
MinimumVisualStudioVersion = 10.0.40219.1
Project("{9A19103F-16F7-4668-BE54-9A1E7A4F7556}") = "SysBot.Base", "SysBot.Base\SysBot.Base.csproj", "{850BECFD-3789-4C07-885E-0AA108C46F60}"
EndProject
Project("{9A19103F-16F7-4668-BE54-9A1E7A4F7556}") = "SysBot.Pokemon", "SysBot.Pokemon\SysBot.Pokemon.csproj", "{2B520A84-74AF-40EC-9B10-A9FCF950D02E}"
EndProject
Project("{9A19103F-16F7-4668-BE54-9A1E7A4F7556}") = "SysBot.ConsoleApp", "SysBot.ConsoleApp\SysBot.ConsoleApp.csproj", "{AFEED75F-6742-40EC-ADFC-71863BA1F1A6}"
	ProjectSection(ProjectDependencies) = postProject
		{2B520A84-74AF-40EC-9B10-A9FCF950D02E} = {2B520A84-74AF-40EC-9B10-A9FCF950D02E}
		{850BECFD-3789-4C07-885E-0AA108C46F60} = {850BECFD-3789-4C07-885E-0AA108C46F60}
	EndProjectSection
EndProject
Global
	GlobalSection(SolutionConfigurationPlatforms) = preSolution
		Debug|Any CPU = Debug|Any CPU
		Release|Any CPU = Release|Any CPU
	EndGlobalSection
	GlobalSection(ProjectConfigurationPlatforms) = postSolution
		{850BECFD-3789-4C07-885E-0AA108C46F60}.Debug|Any CPU.ActiveCfg = Debug|Any CPU
		{850BECFD-3789-4C07-885E-0AA108C46F60}.Debug|Any CPU.Build.0 = Debug|Any CPU
		{850BECFD-3789-4C07-885E-0AA108C46F60}.Release|Any CPU.ActiveCfg = Release|Any CPU
		{850BECFD-3789-4C07-885E-0AA108C46F60}.Release|Any CPU.Build.0 = Release|Any CPU
		{2B520A84-74AF-40EC-9B10-A9FCF950D02E}.Debug|Any CPU.ActiveCfg = Debug|Any CPU
		{2B520A84-74AF-40EC-9B10-A9FCF950D02E}.Debug|Any CPU.Build.0 = Debug|Any CPU
		{2B520A84-74AF-40EC-9B10-A9FCF950D02E}.Release|Any CPU.ActiveCfg = Release|Any CPU
		{2B520A84-74AF-40EC-9B10-A9FCF950D02E}.Release|Any CPU.Build.0 = Release|Any CPU
		{AFEED75F-6742-40EC-ADFC-71863BA1F1A6}.Debug|Any CPU.ActiveCfg = Debug|Any CPU
		{AFEED75F-6742-40EC-ADFC-71863BA1F1A6}.Debug|Any CPU.Build.0 = Debug|Any CPU
		{AFEED75F-6742-40EC-ADFC-71863BA1F1A6}.Release|Any CPU.ActiveCfg = Release|Any CPU
		{AFEED75F-6742-40EC-ADFC-71863BA1F1A6}.Release|Any CPU.Build.0 = Release|Any CPU
	EndGlobalSection
	GlobalSection(SolutionProperties) = preSolution
		HideSolutionNode = FALSE
	EndGlobalSection
	GlobalSection(ExtensibilityGlobals) = postSolution
		SolutionGuid = {3E697408-3B47-45FD-9A93-522CBB544073}
	EndGlobalSection
EndGlobal
