
Microsoft Visual Studio Solution File, Format Version 12.00
# Visual Studio Version 16
VisualStudioVersion = 16.0.29613.14
MinimumVisualStudioVersion = 10.0.40219.1
Project("{9A19103F-16F7-4668-BE54-9A1E7A4F7556}") = "SysBot.Base", "SysBot.Base\SysBot.Base.csproj", "{850BECFD-3789-4C07-885E-0AA108C46F60}"
EndProject
Project("{9A19103F-16F7-4668-BE54-9A1E7A4F7556}") = "SysBot.Pokemon", "SysBot.Pokemon\SysBot.Pokemon.csproj", "{2B520A84-74AF-40EC-9B10-A9FCF950D02E}"
EndProject
Project("{9A19103F-16F7-4668-BE54-9A1E7A4F7556}") = "SysBot.Tests", "SysBot.Tests\SysBot.Tests.csproj", "{1D51AD25-4C03-49D3-8074-7D092168CB20}"
EndProject
Project("{2150E333-8FDC-42A3-9474-1A3956D46DE8}") = "Solution Items", "Solution Items", "{02DCB75C-452F-4E70-B7AF-C37729B10699}"
EndProject
Project("{9A19103F-16F7-4668-BE54-9A1E7A4F7556}") = "SysBot.Pokemon.WinForms", "SysBot.Pokemon.WinForms\SysBot.Pokemon.WinForms.csproj", "{886B1440-B333-4095-8E44-D71D043D20A9}"
EndProject
Project("{9A19103F-16F7-4668-BE54-9A1E7A4F7556}") = "SysBot.Pokemon.Discord", "SysBot.Pokemon.Discord\SysBot.Pokemon.Discord.csproj", "{C4BE4124-C1CF-4A81-AA7C-DE96A169CF1D}"
EndProject
Project("{9A19103F-16F7-4668-BE54-9A1E7A4F7556}") = "SysBot.Pokemon.Twitch", "SysBot.Pokemon.Twitch\SysBot.Pokemon.Twitch.csproj", "{5CA6568C-CD16-499C-A63F-8EF86AAF4499}"
EndProject
Project("{9A19103F-16F7-4668-BE54-9A1E7A4F7556}") = "SysBot.Pokemon.ConsoleApp", "SysBot.Pokemon.ConsoleApp\SysBot.Pokemon.ConsoleApp.csproj", "{C0525606-4ED4-4998-9AF3-31E2DE65717A}"
EndProject
Project("{9A19103F-16F7-4668-BE54-9A1E7A4F7556}") = "SysBot.Pokemon.Z3", "SysBot.Pokemon.Z3\SysBot.Pokemon.Z3.csproj", "{DCC41103-1303-4CAB-AE01-5EA68317410D}"
EndProject
Global
	GlobalSection(SolutionConfigurationPlatforms) = preSolution
		Debug|x64 = Debug|x64
		Debug|x86 = Debug|x86
		Release|x64 = Release|x64
		Release|x86 = Release|x86
	EndGlobalSection
	GlobalSection(ProjectConfigurationPlatforms) = postSolution
		{850BECFD-3789-4C07-885E-0AA108C46F60}.Debug|x64.ActiveCfg = Debug|Any CPU
		{850BECFD-3789-4C07-885E-0AA108C46F60}.Debug|x64.Build.0 = Debug|Any CPU
		{850BECFD-3789-4C07-885E-0AA108C46F60}.Debug|x86.ActiveCfg = Debug|Any CPU
		{850BECFD-3789-4C07-885E-0AA108C46F60}.Debug|x86.Build.0 = Debug|Any CPU
		{850BECFD-3789-4C07-885E-0AA108C46F60}.Release|x64.ActiveCfg = Release|Any CPU
		{850BECFD-3789-4C07-885E-0AA108C46F60}.Release|x64.Build.0 = Release|Any CPU
		{850BECFD-3789-4C07-885E-0AA108C46F60}.Release|x86.ActiveCfg = Release|Any CPU
		{850BECFD-3789-4C07-885E-0AA108C46F60}.Release|x86.Build.0 = Release|Any CPU
		{2B520A84-74AF-40EC-9B10-A9FCF950D02E}.Debug|x64.ActiveCfg = Debug|Any CPU
		{2B520A84-74AF-40EC-9B10-A9FCF950D02E}.Debug|x64.Build.0 = Debug|Any CPU
		{2B520A84-74AF-40EC-9B10-A9FCF950D02E}.Debug|x86.ActiveCfg = Debug|Any CPU
		{2B520A84-74AF-40EC-9B10-A9FCF950D02E}.Debug|x86.Build.0 = Debug|Any CPU
		{2B520A84-74AF-40EC-9B10-A9FCF950D02E}.Release|x64.ActiveCfg = Release|Any CPU
		{2B520A84-74AF-40EC-9B10-A9FCF950D02E}.Release|x64.Build.0 = Release|Any CPU
		{2B520A84-74AF-40EC-9B10-A9FCF950D02E}.Release|x86.ActiveCfg = Release|Any CPU
		{2B520A84-74AF-40EC-9B10-A9FCF950D02E}.Release|x86.Build.0 = Release|Any CPU
		{1D51AD25-4C03-49D3-8074-7D092168CB20}.Debug|x64.ActiveCfg = Debug|Any CPU
		{1D51AD25-4C03-49D3-8074-7D092168CB20}.Debug|x64.Build.0 = Debug|Any CPU
		{1D51AD25-4C03-49D3-8074-7D092168CB20}.Debug|x86.ActiveCfg = Debug|Any CPU
		{1D51AD25-4C03-49D3-8074-7D092168CB20}.Debug|x86.Build.0 = Debug|Any CPU
		{1D51AD25-4C03-49D3-8074-7D092168CB20}.Release|x64.ActiveCfg = Release|Any CPU
		{1D51AD25-4C03-49D3-8074-7D092168CB20}.Release|x64.Build.0 = Release|Any CPU
		{1D51AD25-4C03-49D3-8074-7D092168CB20}.Release|x86.ActiveCfg = Release|Any CPU
		{1D51AD25-4C03-49D3-8074-7D092168CB20}.Release|x86.Build.0 = Release|Any CPU
		{886B1440-B333-4095-8E44-D71D043D20A9}.Debug|x64.ActiveCfg = Debug|x64
		{886B1440-B333-4095-8E44-D71D043D20A9}.Debug|x64.Build.0 = Debug|x64
		{886B1440-B333-4095-8E44-D71D043D20A9}.Debug|x86.ActiveCfg = Debug|x86
		{886B1440-B333-4095-8E44-D71D043D20A9}.Debug|x86.Build.0 = Debug|x86
		{886B1440-B333-4095-8E44-D71D043D20A9}.Release|x64.ActiveCfg = Release|x64
		{886B1440-B333-4095-8E44-D71D043D20A9}.Release|x64.Build.0 = Release|x64
		{886B1440-B333-4095-8E44-D71D043D20A9}.Release|x86.ActiveCfg = Release|x86
		{886B1440-B333-4095-8E44-D71D043D20A9}.Release|x86.Build.0 = Release|x86
		{C4BE4124-C1CF-4A81-AA7C-DE96A169CF1D}.Debug|x64.ActiveCfg = Debug|Any CPU
		{C4BE4124-C1CF-4A81-AA7C-DE96A169CF1D}.Debug|x64.Build.0 = Debug|Any CPU
		{C4BE4124-C1CF-4A81-AA7C-DE96A169CF1D}.Debug|x86.ActiveCfg = Debug|Any CPU
		{C4BE4124-C1CF-4A81-AA7C-DE96A169CF1D}.Debug|x86.Build.0 = Debug|Any CPU
		{C4BE4124-C1CF-4A81-AA7C-DE96A169CF1D}.Release|x64.ActiveCfg = Release|Any CPU
		{C4BE4124-C1CF-4A81-AA7C-DE96A169CF1D}.Release|x64.Build.0 = Release|Any CPU
		{C4BE4124-C1CF-4A81-AA7C-DE96A169CF1D}.Release|x86.ActiveCfg = Release|Any CPU
		{C4BE4124-C1CF-4A81-AA7C-DE96A169CF1D}.Release|x86.Build.0 = Release|Any CPU
		{5CA6568C-CD16-499C-A63F-8EF86AAF4499}.Debug|x64.ActiveCfg = Debug|Any CPU
		{5CA6568C-CD16-499C-A63F-8EF86AAF4499}.Debug|x64.Build.0 = Debug|Any CPU
		{5CA6568C-CD16-499C-A63F-8EF86AAF4499}.Debug|x86.ActiveCfg = Debug|Any CPU
		{5CA6568C-CD16-499C-A63F-8EF86AAF4499}.Debug|x86.Build.0 = Debug|Any CPU
		{5CA6568C-CD16-499C-A63F-8EF86AAF4499}.Release|x64.ActiveCfg = Release|Any CPU
		{5CA6568C-CD16-499C-A63F-8EF86AAF4499}.Release|x64.Build.0 = Release|Any CPU
		{5CA6568C-CD16-499C-A63F-8EF86AAF4499}.Release|x86.ActiveCfg = Release|Any CPU
		{5CA6568C-CD16-499C-A63F-8EF86AAF4499}.Release|x86.Build.0 = Release|Any CPU
		{C0525606-4ED4-4998-9AF3-31E2DE65717A}.Debug|x64.ActiveCfg = Debug|x64
		{C0525606-4ED4-4998-9AF3-31E2DE65717A}.Debug|x64.Build.0 = Debug|x64
		{C0525606-4ED4-4998-9AF3-31E2DE65717A}.Debug|x86.ActiveCfg = Debug|x86
		{C0525606-4ED4-4998-9AF3-31E2DE65717A}.Debug|x86.Build.0 = Debug|x86
		{C0525606-4ED4-4998-9AF3-31E2DE65717A}.Release|x64.ActiveCfg = Release|x64
		{C0525606-4ED4-4998-9AF3-31E2DE65717A}.Release|x64.Build.0 = Release|x64
		{C0525606-4ED4-4998-9AF3-31E2DE65717A}.Release|x86.ActiveCfg = Release|x86
		{C0525606-4ED4-4998-9AF3-31E2DE65717A}.Release|x86.Build.0 = Release|x86
		{DCC41103-1303-4CAB-AE01-5EA68317410D}.Debug|x64.ActiveCfg = Debug|x64
		{DCC41103-1303-4CAB-AE01-5EA68317410D}.Debug|x64.Build.0 = Debug|x64
		{DCC41103-1303-4CAB-AE01-5EA68317410D}.Debug|x86.ActiveCfg = Debug|x86
		{DCC41103-1303-4CAB-AE01-5EA68317410D}.Debug|x86.Build.0 = Debug|x86
		{DCC41103-1303-4CAB-AE01-5EA68317410D}.Release|x64.ActiveCfg = Release|x64
		{DCC41103-1303-4CAB-AE01-5EA68317410D}.Release|x64.Build.0 = Release|x64
		{DCC41103-1303-4CAB-AE01-5EA68317410D}.Release|x86.ActiveCfg = Release|x86
		{DCC41103-1303-4CAB-AE01-5EA68317410D}.Release|x86.Build.0 = Release|x86
	EndGlobalSection
	GlobalSection(SolutionProperties) = preSolution
		HideSolutionNode = FALSE
	EndGlobalSection
	GlobalSection(ExtensibilityGlobals) = postSolution
		SolutionGuid = {3E697408-3B47-45FD-9A93-522CBB544073}
	EndGlobalSection
EndGlobal
